
Microsoft Visual Studio Solution File, Format Version 12.00
# Visual Studio Version 17
VisualStudioVersion = 17.6.33723.286
MinimumVisualStudioVersion = 10.0.40219.1
Project("{FAE04EC0-301F-11D3-BF4B-00C04F79EFBC}") = "LabApiRest01", "LabApiRest01\LabApiRest01.csproj", "{FBFB48C7-5D4A-4C8B-8B7C-41675FECC1BA}"
EndProject
Global
	GlobalSection(SolutionConfigurationPlatforms) = preSolution
		Debug|Any CPU = Debug|Any CPU
		Release|Any CPU = Release|Any CPU
	EndGlobalSection
	GlobalSection(ProjectConfigurationPlatforms) = postSolution
		{FBFB48C7-5D4A-4C8B-8B7C-41675FECC1BA}.Debug|Any CPU.ActiveCfg = Debug|Any CPU
		{FBFB48C7-5D4A-4C8B-8B7C-41675FECC1BA}.Debug|Any CPU.Build.0 = Debug|Any CPU
		{FBFB48C7-5D4A-4C8B-8B7C-41675FECC1BA}.Release|Any CPU.ActiveCfg = Release|Any CPU
		{FBFB48C7-5D4A-4C8B-8B7C-41675FECC1BA}.Release|Any CPU.Build.0 = Release|Any CPU
	EndGlobalSection
	GlobalSection(SolutionProperties) = preSolution
		HideSolutionNode = FALSE
	EndGlobalSection
	GlobalSection(ExtensibilityGlobals) = postSolution
		SolutionGuid = {9B7E34C2-9C0A-4464-B84F-7A3B71168444}
	EndGlobalSection
EndGlobal
